// !$*UTF8*$!
{
	archiveVersion = 1;
	classes = {
	};
	objectVersion = 56;
	objects = {

/* Begin PBXBuildFile section */
		1A31428A2ACF045400B09974 /* AppDelegate.swift in Sources */ = {isa = PBXBuildFile; fileRef = 1A3142892ACF045400B09974 /* AppDelegate.swift */; };
		1A31428C2ACF045400B09974 /* SceneDelegate.swift in Sources */ = {isa = PBXBuildFile; fileRef = 1A31428B2ACF045400B09974 /* SceneDelegate.swift */; };
		1A31428E2ACF045400B09974 /* ViewController.swift in Sources */ = {isa = PBXBuildFile; fileRef = 1A31428D2ACF045400B09974 /* ViewController.swift */; };
		1A3142912ACF045400B09974 /* Main.storyboard in Resources */ = {isa = PBXBuildFile; fileRef = 1A31428F2ACF045400B09974 /* Main.storyboard */; };
		1A3142942ACF045400B09974 /* Project_11_CoreData_DatabaseHelper.xcdatamodeld in Sources */ = {isa = PBXBuildFile; fileRef = 1A3142922ACF045400B09974 /* Project_11_CoreData_DatabaseHelper.xcdatamodeld */; };
		1A3142962ACF045500B09974 /* Assets.xcassets in Resources */ = {isa = PBXBuildFile; fileRef = 1A3142952ACF045500B09974 /* Assets.xcassets */; };
		1A3142992ACF045500B09974 /* LaunchScreen.storyboard in Resources */ = {isa = PBXBuildFile; fileRef = 1A3142972ACF045500B09974 /* LaunchScreen.storyboard */; };
		1A3142A12ACF048700B09974 /* DatabaseHelper.swift in Sources */ = {isa = PBXBuildFile; fileRef = 1A3142A02ACF048700B09974 /* DatabaseHelper.swift */; };
		1A3142AB2ACF479B00B09974 /* Person+CoreDataClass.swift in Sources */ = {isa = PBXBuildFile; fileRef = 1A3142A72ACF479B00B09974 /* Person+CoreDataClass.swift */; };
		1A3142AC2ACF479B00B09974 /* Person+CoreDataProperties.swift in Sources */ = {isa = PBXBuildFile; fileRef = 1A3142A82ACF479B00B09974 /* Person+CoreDataProperties.swift */; };
		1A3142AD2ACF479B00B09974 /* Family+CoreDataClass.swift in Sources */ = {isa = PBXBuildFile; fileRef = 1A3142A92ACF479B00B09974 /* Family+CoreDataClass.swift */; };
		1A3142AE2ACF479B00B09974 /* Family+CoreDataProperties.swift in Sources */ = {isa = PBXBuildFile; fileRef = 1A3142AA2ACF479B00B09974 /* Family+CoreDataProperties.swift */; };
		1A3142B02ACF489400B09974 /* FamilyViewController.swift in Sources */ = {isa = PBXBuildFile; fileRef = 1A3142AF2ACF489400B09974 /* FamilyViewController.swift */; };
		1A3142B22ACF4A1600B09974 /* ListOFFamilymemebersViewController.swift in Sources */ = {isa = PBXBuildFile; fileRef = 1A3142B12ACF4A1600B09974 /* ListOFFamilymemebersViewController.swift */; };
/* End PBXBuildFile section */

/* Begin PBXFileReference section */
		1A3142862ACF045400B09974 /* Project-11-CoreData DatabaseHelper.app */ = {isa = PBXFileReference; explicitFileType = wrapper.application; includeInIndex = 0; path = "Project-11-CoreData DatabaseHelper.app"; sourceTree = BUILT_PRODUCTS_DIR; };
		1A3142892ACF045400B09974 /* AppDelegate.swift */ = {isa = PBXFileReference; lastKnownFileType = sourcecode.swift; path = AppDelegate.swift; sourceTree = "<group>"; };
		1A31428B2ACF045400B09974 /* SceneDelegate.swift */ = {isa = PBXFileReference; lastKnownFileType = sourcecode.swift; path = SceneDelegate.swift; sourceTree = "<group>"; };
		1A31428D2ACF045400B09974 /* ViewController.swift */ = {isa = PBXFileReference; lastKnownFileType = sourcecode.swift; path = ViewController.swift; sourceTree = "<group>"; };
		1A3142902ACF045400B09974 /* Base */ = {isa = PBXFileReference; lastKnownFileType = file.storyboard; name = Base; path = Base.lproj/Main.storyboard; sourceTree = "<group>"; };
		1A3142932ACF045400B09974 /* Project_11_CoreData_DatabaseHelper.xcdatamodel */ = {isa = PBXFileReference; lastKnownFileType = wrapper.xcdatamodel; path = Project_11_CoreData_DatabaseHelper.xcdatamodel; sourceTree = "<group>"; };
		1A3142952ACF045500B09974 /* Assets.xcassets */ = {isa = PBXFileReference; lastKnownFileType = folder.assetcatalog; path = Assets.xcassets; sourceTree = "<group>"; };
		1A3142982ACF045500B09974 /* Base */ = {isa = PBXFileReference; lastKnownFileType = file.storyboard; name = Base; path = Base.lproj/LaunchScreen.storyboard; sourceTree = "<group>"; };
		1A31429A2ACF045500B09974 /* Info.plist */ = {isa = PBXFileReference; lastKnownFileType = text.plist.xml; path = Info.plist; sourceTree = "<group>"; };
		1A3142A02ACF048700B09974 /* DatabaseHelper.swift */ = {isa = PBXFileReference; lastKnownFileType = sourcecode.swift; path = DatabaseHelper.swift; sourceTree = "<group>"; };
		1A3142A72ACF479B00B09974 /* Person+CoreDataClass.swift */ = {isa = PBXFileReference; lastKnownFileType = sourcecode.swift; path = "Person+CoreDataClass.swift"; sourceTree = "<group>"; };
		1A3142A82ACF479B00B09974 /* Person+CoreDataProperties.swift */ = {isa = PBXFileReference; lastKnownFileType = sourcecode.swift; path = "Person+CoreDataProperties.swift"; sourceTree = "<group>"; };
		1A3142A92ACF479B00B09974 /* Family+CoreDataClass.swift */ = {isa = PBXFileReference; lastKnownFileType = sourcecode.swift; path = "Family+CoreDataClass.swift"; sourceTree = "<group>"; };
		1A3142AA2ACF479B00B09974 /* Family+CoreDataProperties.swift */ = {isa = PBXFileReference; lastKnownFileType = sourcecode.swift; path = "Family+CoreDataProperties.swift"; sourceTree = "<group>"; };
		1A3142AF2ACF489400B09974 /* FamilyViewController.swift */ = {isa = PBXFileReference; lastKnownFileType = sourcecode.swift; path = FamilyViewController.swift; sourceTree = "<group>"; };
		1A3142B12ACF4A1600B09974 /* ListOFFamilymemebersViewController.swift */ = {isa = PBXFileReference; lastKnownFileType = sourcecode.swift; path = ListOFFamilymemebersViewController.swift; sourceTree = "<group>"; };
/* End PBXFileReference section */

/* Begin PBXFrameworksBuildPhase section */
		1A3142832ACF045400B09974 /* Frameworks */ = {
			isa = PBXFrameworksBuildPhase;
			buildActionMask = 2147483647;
			files = (
			);
			runOnlyForDeploymentPostprocessing = 0;
		};
/* End PBXFrameworksBuildPhase section */

/* Begin PBXGroup section */
		1A31427D2ACF045400B09974 = {
			isa = PBXGroup;
			children = (
				1A3142A62ACF0CC200B09974 /* CoreData Configuration */,
				1A3142882ACF045400B09974 /* Project-11-CoreData DatabaseHelper */,
				1A3142872ACF045400B09974 /* Products */,
			);
			sourceTree = "<group>";
		};
		1A3142872ACF045400B09974 /* Products */ = {
			isa = PBXGroup;
			children = (
				1A3142862ACF045400B09974 /* Project-11-CoreData DatabaseHelper.app */,
			);
			name = Products;
			sourceTree = "<group>";
		};
		1A3142882ACF045400B09974 /* Project-11-CoreData DatabaseHelper */ = {
			isa = PBXGroup;
			children = (
				1A3142892ACF045400B09974 /* AppDelegate.swift */,
				1A31428B2ACF045400B09974 /* SceneDelegate.swift */,
				1A3142A02ACF048700B09974 /* DatabaseHelper.swift */,
				1A31428D2ACF045400B09974 /* ViewController.swift */,
				1A3142AF2ACF489400B09974 /* FamilyViewController.swift */,
				1A3142B12ACF4A1600B09974 /* ListOFFamilymemebersViewController.swift */,
				1A31428F2ACF045400B09974 /* Main.storyboard */,
				1A3142952ACF045500B09974 /* Assets.xcassets */,
				1A3142972ACF045500B09974 /* LaunchScreen.storyboard */,
				1A31429A2ACF045500B09974 /* Info.plist */,
				1A3142922ACF045400B09974 /* Project_11_CoreData_DatabaseHelper.xcdatamodeld */,
			);
			path = "Project-11-CoreData DatabaseHelper";
			sourceTree = "<group>";
		};
		1A3142A62ACF0CC200B09974 /* CoreData Configuration */ = {
			isa = PBXGroup;
			children = (
				1A3142A72ACF479B00B09974 /* Person+CoreDataClass.swift */,
				1A3142A82ACF479B00B09974 /* Person+CoreDataProperties.swift */,
				1A3142A92ACF479B00B09974 /* Family+CoreDataClass.swift */,
				1A3142AA2ACF479B00B09974 /* Family+CoreDataProperties.swift */,
			);
			path = "CoreData Configuration";
			sourceTree = "<group>";
		};
/* End PBXGroup section */

/* Begin PBXNativeTarget section */
		1A3142852ACF045400B09974 /* Project-11-CoreData DatabaseHelper */ = {
			isa = PBXNativeTarget;
			buildConfigurationList = 1A31429D2ACF045500B09974 /* Build configuration list for PBXNativeTarget "Project-11-CoreData DatabaseHelper" */;
			buildPhases = (
				1A3142822ACF045400B09974 /* Sources */,
				1A3142832ACF045400B09974 /* Frameworks */,
				1A3142842ACF045400B09974 /* Resources */,
			);
			buildRules = (
			);
			dependencies = (
			);
			name = "Project-11-CoreData DatabaseHelper";
			productName = "Project-11-CoreData DatabaseHelper";
			productReference = 1A3142862ACF045400B09974 /* Project-11-CoreData DatabaseHelper.app */;
			productType = "com.apple.product-type.application";
		};
/* End PBXNativeTarget section */

/* Begin PBXProject section */
		1A31427E2ACF045400B09974 /* Project object */ = {
			isa = PBXProject;
			attributes = {
				BuildIndependentTargetsInParallel = 1;
				LastSwiftUpdateCheck = 1500;
				LastUpgradeCheck = 1500;
				TargetAttributes = {
					1A3142852ACF045400B09974 = {
						CreatedOnToolsVersion = 15.0;
					};
				};
			};
			buildConfigurationList = 1A3142812ACF045400B09974 /* Build configuration list for PBXProject "Project-11-CoreData DatabaseHelper" */;
			compatibilityVersion = "Xcode 14.0";
			developmentRegion = en;
			hasScannedForEncodings = 0;
			knownRegions = (
				en,
				Base,
			);
			mainGroup = 1A31427D2ACF045400B09974;
			productRefGroup = 1A3142872ACF045400B09974 /* Products */;
			projectDirPath = "";
			projectRoot = "";
			targets = (
				1A3142852ACF045400B09974 /* Project-11-CoreData DatabaseHelper */,
			);
		};
/* End PBXProject section */

/* Begin PBXResourcesBuildPhase section */
		1A3142842ACF045400B09974 /* Resources */ = {
			isa = PBXResourcesBuildPhase;
			buildActionMask = 2147483647;
			files = (
				1A3142992ACF045500B09974 /* LaunchScreen.storyboard in Resources */,
				1A3142962ACF045500B09974 /* Assets.xcassets in Resources */,
				1A3142912ACF045400B09974 /* Main.storyboard in Resources */,
			);
			runOnlyForDeploymentPostprocessing = 0;
		};
/* End PBXResourcesBuildPhase section */

/* Begin PBXSourcesBuildPhase section */
		1A3142822ACF045400B09974 /* Sources */ = {
			isa = PBXSourcesBuildPhase;
			buildActionMask = 2147483647;
			files = (
				1A3142AC2ACF479B00B09974 /* Person+CoreDataProperties.swift in Sources */,
				1A3142A12ACF048700B09974 /* DatabaseHelper.swift in Sources */,
				1A31428E2ACF045400B09974 /* ViewController.swift in Sources */,
				1A3142AD2ACF479B00B09974 /* Family+CoreDataClass.swift in Sources */,
				1A3142AB2ACF479B00B09974 /* Person+CoreDataClass.swift in Sources */,
				1A3142942ACF045400B09974 /* Project_11_CoreData_DatabaseHelper.xcdatamodeld in Sources */,
				1A3142AE2ACF479B00B09974 /* Family+CoreDataProperties.swift in Sources */,
				1A31428A2ACF045400B09974 /* AppDelegate.swift in Sources */,
				1A3142B02ACF489400B09974 /* FamilyViewController.swift in Sources */,
				1A31428C2ACF045400B09974 /* SceneDelegate.swift in Sources */,
				1A3142B22ACF4A1600B09974 /* ListOFFamilymemebersViewController.swift in Sources */,
			);
			runOnlyForDeploymentPostprocessing = 0;
		};
/* End PBXSourcesBuildPhase section */

/* Begin PBXVariantGroup section */
		1A31428F2ACF045400B09974 /* Main.storyboard */ = {
			isa = PBXVariantGroup;
			children = (
				1A3142902ACF045400B09974 /* Base */,
			);
			name = Main.storyboard;
			sourceTree = "<group>";
		};
		1A3142972ACF045500B09974 /* LaunchScreen.storyboard */ = {
			isa = PBXVariantGroup;
			children = (
				1A3142982ACF045500B09974 /* Base */,
			);
			name = LaunchScreen.storyboard;
			sourceTree = "<group>";
		};
/* End PBXVariantGroup section */

/* Begin XCBuildConfiguration section */
		1A31429B2ACF045500B09974 /* Debug */ = {
			isa = XCBuildConfiguration;
			buildSettings = {
				ALWAYS_SEARCH_USER_PATHS = NO;
				ASSETCATALOG_COMPILER_GENERATE_SWIFT_ASSET_SYMBOL_EXTENSIONS = YES;
				CLANG_ANALYZER_NONNULL = YES;
				CLANG_ANALYZER_NUMBER_OBJECT_CONVERSION = YES_AGGRESSIVE;
				CLANG_CXX_LANGUAGE_STANDARD = "gnu++20";
				CLANG_ENABLE_MODULES = YES;
				CLANG_ENABLE_OBJC_ARC = YES;
				CLANG_ENABLE_OBJC_WEAK = YES;
				CLANG_WARN_BLOCK_CAPTURE_AUTORELEASING = YES;
				CLANG_WARN_BOOL_CONVERSION = YES;
				CLANG_WARN_COMMA = YES;
				CLANG_WARN_CONSTANT_CONVERSION = YES;
				CLANG_WARN_DEPRECATED_OBJC_IMPLEMENTATIONS = YES;
				CLANG_WARN_DIRECT_OBJC_ISA_USAGE = YES_ERROR;
				CLANG_WARN_DOCUMENTATION_COMMENTS = YES;
				CLANG_WARN_EMPTY_BODY = YES;
				CLANG_WARN_ENUM_CONVERSION = YES;
				CLANG_WARN_INFINITE_RECURSION = YES;
				CLANG_WARN_INT_CONVERSION = YES;
				CLANG_WARN_NON_LITERAL_NULL_CONVERSION = YES;
				CLANG_WARN_OBJC_IMPLICIT_RETAIN_SELF = YES;
				CLANG_WARN_OBJC_LITERAL_CONVERSION = YES;
				CLANG_WARN_OBJC_ROOT_CLASS = YES_ERROR;
				CLANG_WARN_QUOTED_INCLUDE_IN_FRAMEWORK_HEADER = YES;
				CLANG_WARN_RANGE_LOOP_ANALYSIS = YES;
				CLANG_WARN_STRICT_PROTOTYPES = YES;
				CLANG_WARN_SUSPICIOUS_MOVE = YES;
				CLANG_WARN_UNGUARDED_AVAILABILITY = YES_AGGRESSIVE;
				CLANG_WARN_UNREACHABLE_CODE = YES;
				CLANG_WARN__DUPLICATE_METHOD_MATCH = YES;
				COPY_PHASE_STRIP = NO;
				DEBUG_INFORMATION_FORMAT = dwarf;
				ENABLE_STRICT_OBJC_MSGSEND = YES;
				ENABLE_TESTABILITY = YES;
				ENABLE_USER_SCRIPT_SANDBOXING = YES;
				GCC_C_LANGUAGE_STANDARD = gnu17;
				GCC_DYNAMIC_NO_PIC = NO;
				GCC_NO_COMMON_BLOCKS = YES;
				GCC_OPTIMIZATION_LEVEL = 0;
				GCC_PREPROCESSOR_DEFINITIONS = (
					"DEBUG=1",
					"$(inherited)",
				);
				GCC_WARN_64_TO_32_BIT_CONVERSION = YES;
				GCC_WARN_ABOUT_RETURN_TYPE = YES_ERROR;
				GCC_WARN_UNDECLARED_SELECTOR = YES;
				GCC_WARN_UNINITIALIZED_AUTOS = YES_AGGRESSIVE;
				GCC_WARN_UNUSED_FUNCTION = YES;
				GCC_WARN_UNUSED_VARIABLE = YES;
				IPHONEOS_DEPLOYMENT_TARGET = 17.0;
				LOCALIZATION_PREFERS_STRING_CATALOGS = YES;
				MTL_ENABLE_DEBUG_INFO = INCLUDE_SOURCE;
				MTL_FAST_MATH = YES;
				ONLY_ACTIVE_ARCH = YES;
				SDKROOT = iphoneos;
				SWIFT_ACTIVE_COMPILATION_CONDITIONS = "DEBUG $(inherited)";
				SWIFT_OPTIMIZATION_LEVEL = "-Onone";
			};
			name = Debug;
		};
		1A31429C2ACF045500B09974 /* Release */ = {
			isa = XCBuildConfiguration;
			buildSettings = {
				ALWAYS_SEARCH_USER_PATHS = NO;
				ASSETCATALOG_COMPILER_GENERATE_SWIFT_ASSET_SYMBOL_EXTENSIONS = YES;
				CLANG_ANALYZER_NONNULL = YES;
				CLANG_ANALYZER_NUMBER_OBJECT_CONVERSION = YES_AGGRESSIVE;
				CLANG_CXX_LANGUAGE_STANDARD = "gnu++20";
				CLANG_ENABLE_MODULES = YES;
				CLANG_ENABLE_OBJC_ARC = YES;
				CLANG_ENABLE_OBJC_WEAK = YES;
				CLANG_WARN_BLOCK_CAPTURE_AUTORELEASING = YES;
				CLANG_WARN_BOOL_CONVERSION = YES;
				CLANG_WARN_COMMA = YES;
				CLANG_WARN_CONSTANT_CONVERSION = YES;
				CLANG_WARN_DEPRECATED_OBJC_IMPLEMENTATIONS = YES;
				CLANG_WARN_DIRECT_OBJC_ISA_USAGE = YES_ERROR;
				CLANG_WARN_DOCUMENTATION_COMMENTS = YES;
				CLANG_WARN_EMPTY_BODY = YES;
				CLANG_WARN_ENUM_CONVERSION = YES;
				CLANG_WARN_INFINITE_RECURSION = YES;
				CLANG_WARN_INT_CONVERSION = YES;
				CLANG_WARN_NON_LITERAL_NULL_CONVERSION = YES;
				CLANG_WARN_OBJC_IMPLICIT_RETAIN_SELF = YES;
				CLANG_WARN_OBJC_LITERAL_CONVERSION = YES;
				CLANG_WARN_OBJC_ROOT_CLASS = YES_ERROR;
				CLANG_WARN_QUOTED_INCLUDE_IN_FRAMEWORK_HEADER = YES;
				CLANG_WARN_RANGE_LOOP_ANALYSIS = YES;
				CLANG_WARN_STRICT_PROTOTYPES = YES;
				CLANG_WARN_SUSPICIOUS_MOVE = YES;
				CLANG_WARN_UNGUARDED_AVAILABILITY = YES_AGGRESSIVE;
				CLANG_WARN_UNREACHABLE_CODE = YES;
				CLANG_WARN__DUPLICATE_METHOD_MATCH = YES;
				COPY_PHASE_STRIP = NO;
				DEBUG_INFORMATION_FORMAT = "dwarf-with-dsym";
				ENABLE_NS_ASSERTIONS = NO;
				ENABLE_STRICT_OBJC_MSGSEND = YES;
				ENABLE_USER_SCRIPT_SANDBOXING = YES;
				GCC_C_LANGUAGE_STANDARD = gnu17;
				GCC_NO_COMMON_BLOCKS = YES;
				GCC_WARN_64_TO_32_BIT_CONVERSION = YES;
				GCC_WARN_ABOUT_RETURN_TYPE = YES_ERROR;
				GCC_WARN_UNDECLARED_SELECTOR = YES;
				GCC_WARN_UNINITIALIZED_AUTOS = YES_AGGRESSIVE;
				GCC_WARN_UNUSED_FUNCTION = YES;
				GCC_WARN_UNUSED_VARIABLE = YES;
				IPHONEOS_DEPLOYMENT_TARGET = 17.0;
				LOCALIZATION_PREFERS_STRING_CATALOGS = YES;
				MTL_ENABLE_DEBUG_INFO = NO;
				MTL_FAST_MATH = YES;
				SDKROOT = iphoneos;
				SWIFT_COMPILATION_MODE = wholemodule;
				VALIDATE_PRODUCT = YES;
			};
			name = Release;
		};
		1A31429E2ACF045500B09974 /* Debug */ = {
			isa = XCBuildConfiguration;
			buildSettings = {
				ASSETCATALOG_COMPILER_APPICON_NAME = AppIcon;
				ASSETCATALOG_COMPILER_GLOBAL_ACCENT_COLOR_NAME = AccentColor;
				CODE_SIGN_STYLE = Automatic;
				CURRENT_PROJECT_VERSION = 1;
				DEVELOPMENT_TEAM = 3L566L7593;
				GENERATE_INFOPLIST_FILE = YES;
				INFOPLIST_FILE = "Project-11-CoreData DatabaseHelper/Info.plist";
				INFOPLIST_KEY_UIApplicationSupportsIndirectInputEvents = YES;
				INFOPLIST_KEY_UILaunchStoryboardName = LaunchScreen;
				INFOPLIST_KEY_UIMainStoryboardFile = Main;
				INFOPLIST_KEY_UISupportedInterfaceOrientations_iPad = "UIInterfaceOrientationPortrait UIInterfaceOrientationPortraitUpsideDown UIInterfaceOrientationLandscapeLeft UIInterfaceOrientationLandscapeRight";
				INFOPLIST_KEY_UISupportedInterfaceOrientations_iPhone = "UIInterfaceOrientationPortrait UIInterfaceOrientationLandscapeLeft UIInterfaceOrientationLandscapeRight";
				LD_RUNPATH_SEARCH_PATHS = (
					"$(inherited)",
					"@executable_path/Frameworks",
				);
				MARKETING_VERSION = 1.0;
				PRODUCT_BUNDLE_IDENTIFIER = "com.suhail.Project-11-CoreData-DatabaseHelper";
				PRODUCT_NAME = "$(TARGET_NAME)";
				SWIFT_EMIT_LOC_STRINGS = YES;
				SWIFT_VERSION = 5.0;
				TARGETED_DEVICE_FAMILY = "1,2";
			};
			name = Debug;
		};
		1A31429F2ACF045500B09974 /* Release */ = {
			isa = XCBuildConfiguration;
			buildSettings = {
				ASSETCATALOG_COMPILER_APPICON_NAME = AppIcon;
				ASSETCATALOG_COMPILER_GLOBAL_ACCENT_COLOR_NAME = AccentColor;
				CODE_SIGN_STYLE = Automatic;
				CURRENT_PROJECT_VERSION = 1;
				DEVELOPMENT_TEAM = 3L566L7593;
				GENERATE_INFOPLIST_FILE = YES;
				INFOPLIST_FILE = "Project-11-CoreData DatabaseHelper/Info.plist";
				INFOPLIST_KEY_UIApplicationSupportsIndirectInputEvents = YES;
				INFOPLIST_KEY_UILaunchStoryboardName = LaunchScreen;
				INFOPLIST_KEY_UIMainStoryboardFile = Main;
				INFOPLIST_KEY_UISupportedInterfaceOrientations_iPad = "UIInterfaceOrientationPortrait UIInterfaceOrientationPortraitUpsideDown UIInterfaceOrientationLandscapeLeft UIInterfaceOrientationLandscapeRight";
				INFOPLIST_KEY_UISupportedInterfaceOrientations_iPhone = "UIInterfaceOrientationPortrait UIInterfaceOrientationLandscapeLeft UIInterfaceOrientationLandscapeRight";
				LD_RUNPATH_SEARCH_PATHS = (
					"$(inherited)",
					"@executable_path/Frameworks",
				);
				MARKETING_VERSION = 1.0;
				PRODUCT_BUNDLE_IDENTIFIER = "com.suhail.Project-11-CoreData-DatabaseHelper";
				PRODUCT_NAME = "$(TARGET_NAME)";
				SWIFT_EMIT_LOC_STRINGS = YES;
				SWIFT_VERSION = 5.0;
				TARGETED_DEVICE_FAMILY = "1,2";
			};
			name = Release;
		};
/* End XCBuildConfiguration section */

/* Begin XCConfigurationList section */
		1A3142812ACF045400B09974 /* Build configuration list for PBXProject "Project-11-CoreData DatabaseHelper" */ = {
			isa = XCConfigurationList;
			buildConfigurations = (
				1A31429B2ACF045500B09974 /* Debug */,
				1A31429C2ACF045500B09974 /* Release */,
			);
			defaultConfigurationIsVisible = 0;
			defaultConfigurationName = Release;
		};
		1A31429D2ACF045500B09974 /* Build configuration list for PBXNativeTarget "Project-11-CoreData DatabaseHelper" */ = {
			isa = XCConfigurationList;
			buildConfigurations = (
				1A31429E2ACF045500B09974 /* Debug */,
				1A31429F2ACF045500B09974 /* Release */,
			);
			defaultConfigurationIsVisible = 0;
			defaultConfigurationName = Release;
		};
/* End XCConfigurationList section */

/* Begin XCVersionGroup section */
		1A3142922ACF045400B09974 /* Project_11_CoreData_DatabaseHelper.xcdatamodeld */ = {
			isa = XCVersionGroup;
			children = (
				1A3142932ACF045400B09974 /* Project_11_CoreData_DatabaseHelper.xcdatamodel */,
			);
			currentVersion = 1A3142932ACF045400B09974 /* Project_11_CoreData_DatabaseHelper.xcdatamodel */;
			path = Project_11_CoreData_DatabaseHelper.xcdatamodeld;
			sourceTree = "<group>";
			versionGroupType = wrapper.xcdatamodel;
		};
/* End XCVersionGroup section */
	};
	rootObject = 1A31427E2ACF045400B09974 /* Project object */;
}
